
Microsoft Visual Studio Solution File, Format Version 12.00
# Visual Studio Version 17
VisualStudioVersion = 17.0.31903.59
MinimumVisualStudioVersion = 10.0.40219.1
Project("{2150E333-8FDC-42A3-9474-1A3956D46DE8}") = "CaptainCoder", "CaptainCoder", "{A9E5806D-9EE3-47F7-9711-677D32F87798}"
EndProject
Project("{FAE04EC0-301F-11D3-BF4B-00C04F79EFBC}") = "CaptainCoder.Core", "CaptainCoder\Core\CaptainCoder.Core.csproj", "{A8F67E37-6ADA-4E3B-A04A-0FFBD71C9B1F}"
EndProject
Project("{FAE04EC0-301F-11D3-BF4B-00C04F79EFBC}") = "CaptainCoder.CraftingSystem", "CaptainCoder\CraftingSystem\CaptainCoder.CraftingSystem.csproj", "{26DF4E8F-0F80-4631-B5D7-0225FA95A872}"
EndProject
Project("{2150E333-8FDC-42A3-9474-1A3956D46DE8}") = "Tests", "Tests", "{84C658BF-22D2-4204-A6DA-25B121AE1011}"
EndProject
Project("{2150E333-8FDC-42A3-9474-1A3956D46DE8}") = "CaptainCoder", "CaptainCoder", "{D23EC706-D1C9-482F-ADD5-A92AA5D87FAB}"
EndProject
Project("{FAE04EC0-301F-11D3-BF4B-00C04F79EFBC}") = "CaptainCoder.CraftingSystem.Tests", "Tests\CaptainCoder\CraftingSystem\CaptainCoder.CraftingSystem.Tests.csproj", "{D76D474C-088B-4989-880E-2A26A9CA9346}"
EndProject
Project("{FAE04EC0-301F-11D3-BF4B-00C04F79EFBC}") = "CaptainCoder.Inventory", "CaptainCoder\Inventory\CaptainCoder.Inventory.csproj", "{ACD4AAB7-A3AC-403A-9C48-3F9695356B8C}"
EndProject
Project("{FAE04EC0-301F-11D3-BF4B-00C04F79EFBC}") = "Inventory", "Tests\CaptainCoder\Inventory\Inventory.csproj", "{AF86CA59-247E-4ED1-930D-CA0DE20B0EF4}"
EndProject
Project("{FAE04EC0-301F-11D3-BF4B-00C04F79EFBC}") = "CaptainCoder.SkillTree", "CaptainCoder\SkillTree\CaptainCoder.SkillTree.csproj", "{D3934D6A-61A3-4AF2-8A58-57E7813CCD23}"
EndProject
Project("{FAE04EC0-301F-11D3-BF4B-00C04F79EFBC}") = "CaptainCoder.Tests.SkillTree", "Tests\CaptainCoder\SkillTree\CaptainCoder.Tests.SkillTree.csproj", "{2D4D2769-C816-486E-B7D0-BBEB1F47C686}"
EndProject
Project("{FAE04EC0-301F-11D3-BF4B-00C04F79EFBC}") = "CaptainCoder.Core.UnityEngine", "CaptainCoder\Core.UnityEngine\CaptainCoder.Core.UnityEngine.csproj", "{9E5B058E-3C8E-45E6-B5FB-89FE8947F24B}"
EndProject
Project("{FAE04EC0-301F-11D3-BF4B-00C04F79EFBC}") = "CaptainCoder.Dice", "CaptainCoder\Dice\CaptainCoder.Dice.csproj", "{F9AC8DC4-B597-4FBE-AD4F-65E28E4BE1AC}"
EndProject
Project("{FAE04EC0-301F-11D3-BF4B-00C04F79EFBC}") = "CaptainCoder.Dice.Tests", "Tests\CaptainCoder\Dice\CaptainCoder.Dice.Tests.csproj", "{44FF6071-61D0-4A07-A7D0-BA0CD7D86449}"
EndProject
Project("{FAE04EC0-301F-11D3-BF4B-00C04F79EFBC}") = "CaptainCoder.Dungeoneering", "CaptainCoder\Dungeoneering\CaptainCoder.Dungeoneering.csproj", "{309FA4DE-25BD-40AE-B5AC-AACD14CF8F03}"
EndProject
Project("{FAE04EC0-301F-11D3-BF4B-00C04F79EFBC}") = "Core", "Tests\CaptainCoder\Core\Core.csproj", "{9DED482E-013E-43EF-BED0-784EBE0A6887}"
EndProject
Global
	GlobalSection(SolutionConfigurationPlatforms) = preSolution
		Debug|Any CPU = Debug|Any CPU
		Release|Any CPU = Release|Any CPU
	EndGlobalSection
	GlobalSection(SolutionProperties) = preSolution
		HideSolutionNode = FALSE
	EndGlobalSection
	GlobalSection(ProjectConfigurationPlatforms) = postSolution
		{A8F67E37-6ADA-4E3B-A04A-0FFBD71C9B1F}.Debug|Any CPU.ActiveCfg = Debug|Any CPU
		{A8F67E37-6ADA-4E3B-A04A-0FFBD71C9B1F}.Debug|Any CPU.Build.0 = Debug|Any CPU
		{A8F67E37-6ADA-4E3B-A04A-0FFBD71C9B1F}.Release|Any CPU.ActiveCfg = Release|Any CPU
		{A8F67E37-6ADA-4E3B-A04A-0FFBD71C9B1F}.Release|Any CPU.Build.0 = Release|Any CPU
		{26DF4E8F-0F80-4631-B5D7-0225FA95A872}.Debug|Any CPU.ActiveCfg = Debug|Any CPU
		{26DF4E8F-0F80-4631-B5D7-0225FA95A872}.Debug|Any CPU.Build.0 = Debug|Any CPU
		{26DF4E8F-0F80-4631-B5D7-0225FA95A872}.Release|Any CPU.ActiveCfg = Release|Any CPU
		{26DF4E8F-0F80-4631-B5D7-0225FA95A872}.Release|Any CPU.Build.0 = Release|Any CPU
		{D76D474C-088B-4989-880E-2A26A9CA9346}.Debug|Any CPU.ActiveCfg = Debug|Any CPU
		{D76D474C-088B-4989-880E-2A26A9CA9346}.Debug|Any CPU.Build.0 = Debug|Any CPU
		{D76D474C-088B-4989-880E-2A26A9CA9346}.Release|Any CPU.ActiveCfg = Release|Any CPU
		{D76D474C-088B-4989-880E-2A26A9CA9346}.Release|Any CPU.Build.0 = Release|Any CPU
		{ACD4AAB7-A3AC-403A-9C48-3F9695356B8C}.Debug|Any CPU.ActiveCfg = Debug|Any CPU
		{ACD4AAB7-A3AC-403A-9C48-3F9695356B8C}.Debug|Any CPU.Build.0 = Debug|Any CPU
		{ACD4AAB7-A3AC-403A-9C48-3F9695356B8C}.Release|Any CPU.ActiveCfg = Release|Any CPU
		{ACD4AAB7-A3AC-403A-9C48-3F9695356B8C}.Release|Any CPU.Build.0 = Release|Any CPU
		{AF86CA59-247E-4ED1-930D-CA0DE20B0EF4}.Debug|Any CPU.ActiveCfg = Debug|Any CPU
		{AF86CA59-247E-4ED1-930D-CA0DE20B0EF4}.Debug|Any CPU.Build.0 = Debug|Any CPU
		{AF86CA59-247E-4ED1-930D-CA0DE20B0EF4}.Release|Any CPU.ActiveCfg = Release|Any CPU
		{AF86CA59-247E-4ED1-930D-CA0DE20B0EF4}.Release|Any CPU.Build.0 = Release|Any CPU
		{D3934D6A-61A3-4AF2-8A58-57E7813CCD23}.Debug|Any CPU.ActiveCfg = Debug|Any CPU
		{D3934D6A-61A3-4AF2-8A58-57E7813CCD23}.Debug|Any CPU.Build.0 = Debug|Any CPU
		{D3934D6A-61A3-4AF2-8A58-57E7813CCD23}.Release|Any CPU.ActiveCfg = Release|Any CPU
		{D3934D6A-61A3-4AF2-8A58-57E7813CCD23}.Release|Any CPU.Build.0 = Release|Any CPU
		{2D4D2769-C816-486E-B7D0-BBEB1F47C686}.Debug|Any CPU.ActiveCfg = Debug|Any CPU
		{2D4D2769-C816-486E-B7D0-BBEB1F47C686}.Debug|Any CPU.Build.0 = Debug|Any CPU
		{2D4D2769-C816-486E-B7D0-BBEB1F47C686}.Release|Any CPU.ActiveCfg = Release|Any CPU
		{2D4D2769-C816-486E-B7D0-BBEB1F47C686}.Release|Any CPU.Build.0 = Release|Any CPU
		{9E5B058E-3C8E-45E6-B5FB-89FE8947F24B}.Debug|Any CPU.ActiveCfg = Debug|Any CPU
		{9E5B058E-3C8E-45E6-B5FB-89FE8947F24B}.Debug|Any CPU.Build.0 = Debug|Any CPU
		{9E5B058E-3C8E-45E6-B5FB-89FE8947F24B}.Release|Any CPU.ActiveCfg = Release|Any CPU
		{9E5B058E-3C8E-45E6-B5FB-89FE8947F24B}.Release|Any CPU.Build.0 = Release|Any CPU
		{F9AC8DC4-B597-4FBE-AD4F-65E28E4BE1AC}.Debug|Any CPU.ActiveCfg = Debug|Any CPU
		{F9AC8DC4-B597-4FBE-AD4F-65E28E4BE1AC}.Debug|Any CPU.Build.0 = Debug|Any CPU
		{F9AC8DC4-B597-4FBE-AD4F-65E28E4BE1AC}.Release|Any CPU.ActiveCfg = Release|Any CPU
		{F9AC8DC4-B597-4FBE-AD4F-65E28E4BE1AC}.Release|Any CPU.Build.0 = Release|Any CPU
		{44FF6071-61D0-4A07-A7D0-BA0CD7D86449}.Debug|Any CPU.ActiveCfg = Debug|Any CPU
		{44FF6071-61D0-4A07-A7D0-BA0CD7D86449}.Debug|Any CPU.Build.0 = Debug|Any CPU
		{44FF6071-61D0-4A07-A7D0-BA0CD7D86449}.Release|Any CPU.ActiveCfg = Release|Any CPU
		{44FF6071-61D0-4A07-A7D0-BA0CD7D86449}.Release|Any CPU.Build.0 = Release|Any CPU
		{309FA4DE-25BD-40AE-B5AC-AACD14CF8F03}.Debug|Any CPU.ActiveCfg = Debug|Any CPU
		{309FA4DE-25BD-40AE-B5AC-AACD14CF8F03}.Debug|Any CPU.Build.0 = Debug|Any CPU
		{309FA4DE-25BD-40AE-B5AC-AACD14CF8F03}.Release|Any CPU.ActiveCfg = Release|Any CPU
		{309FA4DE-25BD-40AE-B5AC-AACD14CF8F03}.Release|Any CPU.Build.0 = Release|Any CPU
		{9DED482E-013E-43EF-BED0-784EBE0A6887}.Debug|Any CPU.ActiveCfg = Debug|Any CPU
		{9DED482E-013E-43EF-BED0-784EBE0A6887}.Debug|Any CPU.Build.0 = Debug|Any CPU
		{9DED482E-013E-43EF-BED0-784EBE0A6887}.Release|Any CPU.ActiveCfg = Release|Any CPU
		{9DED482E-013E-43EF-BED0-784EBE0A6887}.Release|Any CPU.Build.0 = Release|Any CPU
	EndGlobalSection
	GlobalSection(NestedProjects) = preSolution
		{A8F67E37-6ADA-4E3B-A04A-0FFBD71C9B1F} = {A9E5806D-9EE3-47F7-9711-677D32F87798}
		{26DF4E8F-0F80-4631-B5D7-0225FA95A872} = {A9E5806D-9EE3-47F7-9711-677D32F87798}
		{D23EC706-D1C9-482F-ADD5-A92AA5D87FAB} = {84C658BF-22D2-4204-A6DA-25B121AE1011}
		{D76D474C-088B-4989-880E-2A26A9CA9346} = {D23EC706-D1C9-482F-ADD5-A92AA5D87FAB}
		{ACD4AAB7-A3AC-403A-9C48-3F9695356B8C} = {A9E5806D-9EE3-47F7-9711-677D32F87798}
		{AF86CA59-247E-4ED1-930D-CA0DE20B0EF4} = {D23EC706-D1C9-482F-ADD5-A92AA5D87FAB}
		{D3934D6A-61A3-4AF2-8A58-57E7813CCD23} = {A9E5806D-9EE3-47F7-9711-677D32F87798}
		{2D4D2769-C816-486E-B7D0-BBEB1F47C686} = {D23EC706-D1C9-482F-ADD5-A92AA5D87FAB}
		{9E5B058E-3C8E-45E6-B5FB-89FE8947F24B} = {A9E5806D-9EE3-47F7-9711-677D32F87798}
		{F9AC8DC4-B597-4FBE-AD4F-65E28E4BE1AC} = {A9E5806D-9EE3-47F7-9711-677D32F87798}
		{44FF6071-61D0-4A07-A7D0-BA0CD7D86449} = {D23EC706-D1C9-482F-ADD5-A92AA5D87FAB}
		{309FA4DE-25BD-40AE-B5AC-AACD14CF8F03} = {A9E5806D-9EE3-47F7-9711-677D32F87798}
		{9DED482E-013E-43EF-BED0-784EBE0A6887} = {D23EC706-D1C9-482F-ADD5-A92AA5D87FAB}
	EndGlobalSection
EndGlobal
